
Microsoft Visual Studio Solution File, Format Version 12.00
# Visual Studio Version 16
VisualStudioVersion = 16.0.30804.86
MinimumVisualStudioVersion = 10.0.40219.1
Project("{FAE04EC0-301F-11D3-BF4B-00C04F79EFBC}") = "Sirus.CompetenceMatrix.Api", "Sirus.CompetenceMatrix.Api\Sirus.CompetenceMatrix.Api.csproj", "{6812AA67-B64E-4639-9DE2-72CDDF18B110}"
EndProject
Global
	GlobalSection(SolutionConfigurationPlatforms) = preSolution
		Debug|Any CPU = Debug|Any CPU
		Release|Any CPU = Release|Any CPU
	EndGlobalSection
	GlobalSection(ProjectConfigurationPlatforms) = postSolution
		{6812AA67-B64E-4639-9DE2-72CDDF18B110}.Debug|Any CPU.ActiveCfg = Debug|Any CPU
		{6812AA67-B64E-4639-9DE2-72CDDF18B110}.Debug|Any CPU.Build.0 = Debug|Any CPU
		{6812AA67-B64E-4639-9DE2-72CDDF18B110}.Release|Any CPU.ActiveCfg = Release|Any CPU
		{6812AA67-B64E-4639-9DE2-72CDDF18B110}.Release|Any CPU.Build.0 = Release|Any CPU
	EndGlobalSection
	GlobalSection(SolutionProperties) = preSolution
		HideSolutionNode = FALSE
	EndGlobalSection
	GlobalSection(ExtensibilityGlobals) = postSolution
		SolutionGuid = {7080F686-A765-4904-A6D4-26D120123E0B}
	EndGlobalSection
EndGlobal
